// !$*UTF8*$!
{
	archiveVersion = 1;
	classes = {
	};
	objectVersion = 46;
	objects = {

/* Begin PBXBuildFile section */
		00BAE10C214A6FEF005D64DC /* sssss.plist in Resources */ = {isa = PBXBuildFile; fileRef = 00BAE10B214A6FEF005D64DC /* sssss.plist */; };
		00BAE10E214A74C8005D64DC /* good.plist in Resources */ = {isa = PBXBuildFile; fileRef = 00BAE10D214A74C8005D64DC /* good.plist */; };
		00BAE110214A755E005D64DC /* fuck.plist in Resources */ = {isa = PBXBuildFile; fileRef = 00BAE10F214A755E005D64DC /* fuck.plist */; };
		997B72060F23ACA5A6754065 /* CPApiResponse.m in Sources */ = {isa = PBXBuildFile; fileRef = 997B7408445A82CF07FD0ECF /* CPApiResponse.m */; };
		997B72071841E618638FA448 /* AppDelegate.m in Sources */ = {isa = PBXBuildFile; fileRef = 997B7E4C025041E62473A82F /* AppDelegate.m */; };
		997B73059A86A35BE6EFA3DC /* JFNetManager.m in Sources */ = {isa = PBXBuildFile; fileRef = 997B7E34B3750A80347D9577 /* JFNetManager.m */; };
		997B74283B5BF3B5C771B975 /* ViewController.m in Sources */ = {isa = PBXBuildFile; fileRef = 997B76DB453CFF1A2D5B54E3 /* ViewController.m */; };
		997B757CBCBEE475FF3D7AEE /* Assets.xcassets in Resources */ = {isa = PBXBuildFile; fileRef = 997B7108F69C60B6008B441F /* Assets.xcassets */; };
		997B75E0FB7682B9390B4F49 /* main.m in Sources */ = {isa = PBXBuildFile; fileRef = 997B728546D83BECAD6B2BDF /* main.m */; };
		997B791D398979DAA8CCE9A0 /* Main.storyboard in Resources */ = {isa = PBXBuildFile; fileRef = 997B7FF41602BFFB0E725941 /* Main.storyboard */; };
		997B7A006FDE4A92AD8F1CBA /* LaunchScreen.storyboard in Resources */ = {isa = PBXBuildFile; fileRef = 997B7B6127B16915326D3383 /* LaunchScreen.storyboard */; };
		997B7D572498583F0BBE52BF /* CPApi.m in Sources */ = {isa = PBXBuildFile; fileRef = 997B7FE8A5BC3BFA4417EAC3 /* CPApi.m */; };
		997B7F107C218E6596219AAC /* JFLog.m in Sources */ = {isa = PBXBuildFile; fileRef = 997B719E914E97695E7F7216 /* JFLog.m */; };
		F8BA2363AF192B8906A9E5E9 /* libPods-JFKit-master.a in Frameworks */ = {isa = PBXBuildFile; fileRef = 1D89BFB95B25AFF259CF460C /* libPods-JFKit-master.a */; };
/* End PBXBuildFile section */

/* Begin PBXFileReference section */
		00BAE10B214A6FEF005D64DC /* sssss.plist */ = {isa = PBXFileReference; lastKnownFileType = text.plist; path = sssss.plist; sourceTree = "<group>"; };
		00BAE10D214A74C8005D64DC /* good.plist */ = {isa = PBXFileReference; lastKnownFileType = text.plist.xml; path = good.plist; sourceTree = "<group>"; };
		00BAE10F214A755E005D64DC /* fuck.plist */ = {isa = PBXFileReference; lastKnownFileType = text.plist.xml; path = fuck.plist; sourceTree = "<group>"; };
		19656F414BF6280B4FB5490F /* Pods-JFKit-master.release.xcconfig */ = {isa = PBXFileReference; includeInIndex = 1; lastKnownFileType = text.xcconfig; name = "Pods-JFKit-master.release.xcconfig"; path = "Pods/Target Support Files/Pods-JFKit-master/Pods-JFKit-master.release.xcconfig"; sourceTree = "<group>"; };
		1D89BFB95B25AFF259CF460C /* libPods-JFKit-master.a */ = {isa = PBXFileReference; explicitFileType = archive.ar; includeInIndex = 0; path = "libPods-JFKit-master.a"; sourceTree = BUILT_PRODUCTS_DIR; };
		997B7108F69C60B6008B441F /* Assets.xcassets */ = {isa = PBXFileReference; lastKnownFileType = folder.assetcatalog; path = Assets.xcassets; sourceTree = "<group>"; };
		997B719E914E97695E7F7216 /* JFLog.m */ = {isa = PBXFileReference; fileEncoding = 4; lastKnownFileType = sourcecode.c.objc; path = JFLog.m; sourceTree = "<group>"; };
		997B728546D83BECAD6B2BDF /* main.m */ = {isa = PBXFileReference; lastKnownFileType = sourcecode.c.objc; path = main.m; sourceTree = "<group>"; };
		997B733C39F28BD2F0951A2D /* Base */ = {isa = PBXFileReference; lastKnownFileType = file.storyboard; name = Base; path = Base.lproj/Main.storyboard; sourceTree = "<group>"; };
		997B7408445A82CF07FD0ECF /* CPApiResponse.m */ = {isa = PBXFileReference; fileEncoding = 4; lastKnownFileType = sourcecode.c.objc; path = CPApiResponse.m; sourceTree = "<group>"; };
		997B74639C4FD3A7F5A2666D /* CPApiResponse.h */ = {isa = PBXFileReference; fileEncoding = 4; lastKnownFileType = sourcecode.c.h; path = CPApiResponse.h; sourceTree = "<group>"; };
		997B7633B94A7CEE131B2DAC /* Base */ = {isa = PBXFileReference; lastKnownFileType = file.storyboard; name = Base; path = Base.lproj/LaunchScreen.storyboard; sourceTree = "<group>"; };
		997B76DB453CFF1A2D5B54E3 /* ViewController.m */ = {isa = PBXFileReference; lastKnownFileType = sourcecode.c.objc; path = ViewController.m; sourceTree = "<group>"; };
		997B7793C9336B245C43A2DA /* ViewController.h */ = {isa = PBXFileReference; lastKnownFileType = sourcecode.c.h; path = ViewController.h; sourceTree = "<group>"; };
		997B794293F1C254DCF92556 /* CPApi.h */ = {isa = PBXFileReference; fileEncoding = 4; lastKnownFileType = sourcecode.c.h; path = CPApi.h; sourceTree = "<group>"; };
		997B79DE2952DE5C7E5D461D /* JFNetManager.h */ = {isa = PBXFileReference; fileEncoding = 4; lastKnownFileType = sourcecode.c.h; path = JFNetManager.h; sourceTree = "<group>"; };
		997B7C9AFDC149654BFE43AE /* Info.plist */ = {isa = PBXFileReference; lastKnownFileType = text.plist.info; path = Info.plist; sourceTree = "<group>"; };
		997B7D1B47433054D526476F /* AppDelegate.h */ = {isa = PBXFileReference; lastKnownFileType = sourcecode.c.h; path = AppDelegate.h; sourceTree = "<group>"; };
		997B7D93811DEDD38A7AF8E5 /* JFKit-master.app */ = {isa = PBXFileReference; explicitFileType = wrapper.application; includeInIndex = 0; path = "JFKit-master.app"; sourceTree = BUILT_PRODUCTS_DIR; };
		997B7E34B3750A80347D9577 /* JFNetManager.m */ = {isa = PBXFileReference; fileEncoding = 4; lastKnownFileType = sourcecode.c.objc; path = JFNetManager.m; sourceTree = "<group>"; };
		997B7E4C025041E62473A82F /* AppDelegate.m */ = {isa = PBXFileReference; lastKnownFileType = sourcecode.c.objc; path = AppDelegate.m; sourceTree = "<group>"; };
		997B7FAB1C90FDCC8B625ED6 /* JFLog.h */ = {isa = PBXFileReference; fileEncoding = 4; lastKnownFileType = sourcecode.c.h; path = JFLog.h; sourceTree = "<group>"; };
		997B7FE8A5BC3BFA4417EAC3 /* CPApi.m */ = {isa = PBXFileReference; fileEncoding = 4; lastKnownFileType = sourcecode.c.objc; path = CPApi.m; sourceTree = "<group>"; };
		E2AA5B1D4B356EF5ECAD09D3 /* Pods-JFKit-master.debug.xcconfig */ = {isa = PBXFileReference; includeInIndex = 1; lastKnownFileType = text.xcconfig; name = "Pods-JFKit-master.debug.xcconfig"; path = "Pods/Target Support Files/Pods-JFKit-master/Pods-JFKit-master.debug.xcconfig"; sourceTree = "<group>"; };
/* End PBXFileReference section */

/* Begin PBXFrameworksBuildPhase section */
		997B7A95FD64424D68CC216A /* Frameworks */ = {
			isa = PBXFrameworksBuildPhase;
			buildActionMask = 2147483647;
			files = (
				F8BA2363AF192B8906A9E5E9 /* libPods-JFKit-master.a in Frameworks */,
			);
			runOnlyForDeploymentPostprocessing = 0;
		};
/* End PBXFrameworksBuildPhase section */

/* Begin PBXGroup section */
		24228A33D13FBEFD11EAAE49 /* Pods */ = {
			isa = PBXGroup;
			children = (
				E2AA5B1D4B356EF5ECAD09D3 /* Pods-JFKit-master.debug.xcconfig */,
				19656F414BF6280B4FB5490F /* Pods-JFKit-master.release.xcconfig */,
			);
			name = Pods;
			sourceTree = "<group>";
		};
		91ED76FA5D64AA86593BBD82 /* Frameworks */ = {
			isa = PBXGroup;
			children = (
				1D89BFB95B25AFF259CF460C /* libPods-JFKit-master.a */,
			);
			name = Frameworks;
			sourceTree = "<group>";
		};
		997B713A68B2B8D125B68240 /* Fundation */ = {
			isa = PBXGroup;
			children = (
				997B719E914E97695E7F7216 /* JFLog.m */,
				997B7FAB1C90FDCC8B625ED6 /* JFLog.h */,
			);
			path = Fundation;
			sourceTree = "<group>";
		};
		997B72B7410B43E74ADE420E /* NetWork */ = {
			isa = PBXGroup;
			children = (
				997B7E34B3750A80347D9577 /* JFNetManager.m */,
				997B79DE2952DE5C7E5D461D /* JFNetManager.h */,
			);
			path = NetWork;
			sourceTree = "<group>";
		};
		997B74DDC203812A9ABBC7EE /* Setting */ = {
			isa = PBXGroup;
			children = (
				00BAE10B214A6FEF005D64DC /* sssss.plist */,
			);
			path = Setting;
			sourceTree = "<group>";
		};
		997B77D0B927ED4B9E696382 /* JFKit-master */ = {
			isa = PBXGroup;
			children = (
				997B7C9AFDC149654BFE43AE /* Info.plist */,
				997B7108F69C60B6008B441F /* Assets.xcassets */,
				997B7B6127B16915326D3383 /* LaunchScreen.storyboard */,
				997B728546D83BECAD6B2BDF /* main.m */,
				997B7D1B47433054D526476F /* AppDelegate.h */,
				997B7E4C025041E62473A82F /* AppDelegate.m */,
				997B7FF41602BFFB0E725941 /* Main.storyboard */,
				997B7793C9336B245C43A2DA /* ViewController.h */,
				997B76DB453CFF1A2D5B54E3 /* ViewController.m */,
				997B7F56AB2B6DF2ED1D91F7 /* JFKit */,
				997B7E18B193DD4B43D90BE6 /* CPApi */,
				997B74DDC203812A9ABBC7EE /* Setting */,
				00BAE10D214A74C8005D64DC /* good.plist */,
			);
			path = "JFKit-master";
			sourceTree = "<group>";
		};
		997B7D915A7CC18A64B18AA2 /* Products */ = {
			isa = PBXGroup;
			children = (
				997B7D93811DEDD38A7AF8E5 /* JFKit-master.app */,
			);
			name = Products;
			sourceTree = "<group>";
		};
		997B7E18B193DD4B43D90BE6 /* CPApi */ = {
			isa = PBXGroup;
			children = (
				997B7FE8A5BC3BFA4417EAC3 /* CPApi.m */,
				997B794293F1C254DCF92556 /* CPApi.h */,
				997B7408445A82CF07FD0ECF /* CPApiResponse.m */,
				997B74639C4FD3A7F5A2666D /* CPApiResponse.h */,
			);
			path = CPApi;
			sourceTree = "<group>";
		};
		997B7EABB07A38EFBD92E3BD = {
			isa = PBXGroup;
			children = (
				00BAE10F214A755E005D64DC /* fuck.plist */,
				997B7D915A7CC18A64B18AA2 /* Products */,
				997B77D0B927ED4B9E696382 /* JFKit-master */,
				24228A33D13FBEFD11EAAE49 /* Pods */,
				91ED76FA5D64AA86593BBD82 /* Frameworks */,
			);
			sourceTree = "<group>";
		};
		997B7F2910CDE872A8B142CC /* Category */ = {
			isa = PBXGroup;
			children = (
				997B713A68B2B8D125B68240 /* Fundation */,
			);
			path = Category;
			sourceTree = "<group>";
		};
		997B7F56AB2B6DF2ED1D91F7 /* JFKit */ = {
			isa = PBXGroup;
			children = (
				997B72B7410B43E74ADE420E /* NetWork */,
				997B7F2910CDE872A8B142CC /* Category */,
			);
			path = JFKit;
			sourceTree = "<group>";
		};
/* End PBXGroup section */

/* Begin PBXNativeTarget section */
		997B7166368A66565971EA43 /* JFKit-master */ = {
			isa = PBXNativeTarget;
			buildConfigurationList = 997B75FBB9D439D4696FD9A0 /* Build configuration list for PBXNativeTarget "JFKit-master" */;
			buildPhases = (
				E3CE70771FA7A6C7596D5DDE /* [CP] Check Pods Manifest.lock */,
				997B76EB537A0876B6E2F287 /* Sources */,
				997B7A95FD64424D68CC216A /* Frameworks */,
				997B7D58F198E6E63419EA52 /* Resources */,
			);
			buildRules = (
			);
			dependencies = (
			);
			name = "JFKit-master";
			productName = "JFKit-master";
			productReference = 997B7D93811DEDD38A7AF8E5 /* JFKit-master.app */;
			productType = "com.apple.product-type.application";
		};
/* End PBXNativeTarget section */

/* Begin PBXProject section */
		997B734FF17DB4D5DACA7993 /* Project object */ = {
			isa = PBXProject;
			attributes = {
				ORGANIZATIONNAME = Jeffrey;
			};
			buildConfigurationList = 997B7A52B497C4FB2BEA48F2 /* Build configuration list for PBXProject "JFKit-master" */;
			compatibilityVersion = "Xcode 3.2";
			developmentRegion = English;
			hasScannedForEncodings = 0;
			knownRegions = (
				en,
			);
			mainGroup = 997B7EABB07A38EFBD92E3BD;
			productRefGroup = 997B7D915A7CC18A64B18AA2 /* Products */;
			projectDirPath = "";
			projectRoot = "";
			targets = (
				997B7166368A66565971EA43 /* JFKit-master */,
			);
		};
/* End PBXProject section */

/* Begin PBXResourcesBuildPhase section */
		997B7D58F198E6E63419EA52 /* Resources */ = {
			isa = PBXResourcesBuildPhase;
			buildActionMask = 2147483647;
			files = (
				997B757CBCBEE475FF3D7AEE /* Assets.xcassets in Resources */,
				997B7A006FDE4A92AD8F1CBA /* LaunchScreen.storyboard in Resources */,
				997B791D398979DAA8CCE9A0 /* Main.storyboard in Resources */,
				00BAE10E214A74C8005D64DC /* good.plist in Resources */,
				00BAE10C214A6FEF005D64DC /* sssss.plist in Resources */,
				00BAE110214A755E005D64DC /* fuck.plist in Resources */,
			);
			runOnlyForDeploymentPostprocessing = 0;
		};
/* End PBXResourcesBuildPhase section */

/* Begin PBXShellScriptBuildPhase section */
		E3CE70771FA7A6C7596D5DDE /* [CP] Check Pods Manifest.lock */ = {
			isa = PBXShellScriptBuildPhase;
			buildActionMask = 2147483647;
			files = (
			);
			inputPaths = (
				"${PODS_PODFILE_DIR_PATH}/Podfile.lock",
				"${PODS_ROOT}/Manifest.lock",
			);
			name = "[CP] Check Pods Manifest.lock";
			outputPaths = (
				"$(DERIVED_FILE_DIR)/Pods-JFKit-master-checkManifestLockResult.txt",
			);
			runOnlyForDeploymentPostprocessing = 0;
			shellPath = /bin/sh;
			shellScript = "diff \"${PODS_PODFILE_DIR_PATH}/Podfile.lock\" \"${PODS_ROOT}/Manifest.lock\" > /dev/null\nif [ $? != 0 ] ; then\n    # print error to STDERR\n    echo \"error: The sandbox is not in sync with the Podfile.lock. Run 'pod install' or update your CocoaPods installation.\" >&2\n    exit 1\nfi\n# This output is used by Xcode 'outputs' to avoid re-running this script phase.\necho \"SUCCESS\" > \"${SCRIPT_OUTPUT_FILE_0}\"\n";
			showEnvVarsInLog = 0;
		};
/* End PBXShellScriptBuildPhase section */

/* Begin PBXSourcesBuildPhase section */
		997B76EB537A0876B6E2F287 /* Sources */ = {
			isa = PBXSourcesBuildPhase;
			buildActionMask = 2147483647;
			files = (
				997B75E0FB7682B9390B4F49 /* main.m in Sources */,
				997B72071841E618638FA448 /* AppDelegate.m in Sources */,
				997B74283B5BF3B5C771B975 /* ViewController.m in Sources */,
				997B73059A86A35BE6EFA3DC /* JFNetManager.m in Sources */,
				997B7D572498583F0BBE52BF /* CPApi.m in Sources */,
				997B72060F23ACA5A6754065 /* CPApiResponse.m in Sources */,
				997B7F107C218E6596219AAC /* JFLog.m in Sources */,
			);
			runOnlyForDeploymentPostprocessing = 0;
		};
/* End PBXSourcesBuildPhase section */

/* Begin PBXVariantGroup section */
		997B7B6127B16915326D3383 /* LaunchScreen.storyboard */ = {
			isa = PBXVariantGroup;
			children = (
				997B7633B94A7CEE131B2DAC /* Base */,
			);
			name = LaunchScreen.storyboard;
			sourceTree = "<group>";
		};
		997B7FF41602BFFB0E725941 /* Main.storyboard */ = {
			isa = PBXVariantGroup;
			children = (
				997B733C39F28BD2F0951A2D /* Base */,
			);
			name = Main.storyboard;
			sourceTree = "<group>";
		};
/* End PBXVariantGroup section */

/* Begin XCBuildConfiguration section */
		997B712E609B4DB45C990A97 /* Debug */ = {
			isa = XCBuildConfiguration;
			buildSettings = {
				ALWAYS_SEARCH_USER_PATHS = NO;
				CLANG_ANALYZER_NONNULL = YES;
				CLANG_ANALYZER_NUMBER_OBJECT_CONVERSION = YES_AGGRESSIVE;
				CLANG_CXX_LANGUAGE_STANDARD = "gnu++14";
				CLANG_CXX_LIBRARY = "libc++";
				CLANG_ENABLE_MODULES = YES;
				CLANG_ENABLE_OBJC_ARC = YES;
				CLANG_ENABLE_OBJC_WEAK = YES;
				CLANG_WARN_BLOCK_CAPTURE_AUTORELEASING = YES;
				CLANG_WARN_BOOL_CONVERSION = YES;
				CLANG_WARN_COMMA = YES;
				CLANG_WARN_CONSTANT_CONVERSION = YES;
				CLANG_WARN_DEPRECATED_OBJC_IMPLEMENTATIONS = YES;
				CLANG_WARN_DIRECT_OBJC_ISA_USAGE = YES_ERROR;
				CLANG_WARN_DOCUMENTATION_COMMENTS = YES;
				CLANG_WARN_EMPTY_BODY = YES;
				CLANG_WARN_ENUM_CONVERSION = YES;
				CLANG_WARN_INFINITE_RECURSION = YES;
				CLANG_WARN_INT_CONVERSION = YES;
				CLANG_WARN_NON_LITERAL_NULL_CONVERSION = YES;
				CLANG_WARN_OBJC_IMPLICIT_RETAIN_SELF = YES;
				CLANG_WARN_OBJC_LITERAL_CONVERSION = YES;
				CLANG_WARN_OBJC_ROOT_CLASS = YES_ERROR;
				CLANG_WARN_RANGE_LOOP_ANALYSIS = YES;
				CLANG_WARN_STRICT_PROTOTYPES = YES;
				CLANG_WARN_SUSPICIOUS_MOVE = YES;
				CLANG_WARN_UNGUARDED_AVAILABILITY = YES_AGGRESSIVE;
				CLANG_WARN_UNREACHABLE_CODE = YES;
				CLANG_WARN__DUPLICATE_METHOD_MATCH = YES;
				CODE_SIGN_IDENTITY = "iPhone Developer";
				COPY_PHASE_STRIP = NO;
				DEBUG_INFORMATION_FORMAT = dwarf;
				ENABLE_STRICT_OBJC_MSGSEND = YES;
				ENABLE_TESTABILITY = YES;
				GCC_C_LANGUAGE_STANDARD = gnu11;
				GCC_DYNAMIC_NO_PIC = NO;
				GCC_NO_COMMON_BLOCKS = YES;
				GCC_OPTIMIZATION_LEVEL = 0;
				GCC_PREPROCESSOR_DEFINITIONS = (
					"DEBUG=1",
					"$(inherited)",
				);
				GCC_WARN_64_TO_32_BIT_CONVERSION = YES;
				GCC_WARN_ABOUT_RETURN_TYPE = YES_ERROR;
				GCC_WARN_UNDECLARED_SELECTOR = YES;
				GCC_WARN_UNINITIALIZED_AUTOS = YES_AGGRESSIVE;
				GCC_WARN_UNUSED_FUNCTION = YES;
				GCC_WARN_UNUSED_VARIABLE = YES;
				IPHONEOS_DEPLOYMENT_TARGET = 11.4;
				MTL_ENABLE_DEBUG_INFO = YES;
				ONLY_ACTIVE_ARCH = YES;
				SDKROOT = iphoneos;
			};
			name = Debug;
		};
		997B75C68B9EF9C8AE6BD9FE /* Release */ = {
			isa = XCBuildConfiguration;
			baseConfigurationReference = 19656F414BF6280B4FB5490F /* Pods-JFKit-master.release.xcconfig */;
			buildSettings = {
				ASSETCATALOG_COMPILER_APPICON_NAME = AppIcon;
				INFOPLIST_FILE = "JFKit-master/Info.plist";
				LD_RUNPATH_SEARCH_PATHS = "$(inherited) @executable_path/Frameworks";
				PRODUCT_BUNDLE_IDENTIFIER = "CRF.JFKit-master";
				PRODUCT_NAME = "$(TARGET_NAME)";
				TARGETED_DEVICE_FAMILY = "1,2";
				USER_HEADER_SEARCH_PATHS = "\"${PROJECT_DIR}/../Pods\"/** \"${PROJECT_DIR}/../Pods\"/** \"${PROJECT_DIR}/../Pods\"/** \"${PROJECT_DIR}/../Pods\"/** \"${PROJECT_DIR}/../Pods\"/**";
			};
			name = Release;
		};
		997B78E0F89F63B9CFA3D832 /* Release */ = {
			isa = XCBuildConfiguration;
			buildSettings = {
				ALWAYS_SEARCH_USER_PATHS = NO;
				CLANG_ANALYZER_NONNULL = YES;
				CLANG_ANALYZER_NUMBER_OBJECT_CONVERSION = YES_AGGRESSIVE;
				CLANG_CXX_LANGUAGE_STANDARD = "gnu++14";
				CLANG_CXX_LIBRARY = "libc++";
				CLANG_ENABLE_MODULES = YES;
				CLANG_ENABLE_OBJC_ARC = YES;
				CLANG_ENABLE_OBJC_WEAK = YES;
				CLANG_WARN_BLOCK_CAPTURE_AUTORELEASING = YES;
				CLANG_WARN_BOOL_CONVERSION = YES;
				CLANG_WARN_COMMA = YES;
				CLANG_WARN_CONSTANT_CONVERSION = YES;
				CLANG_WARN_DEPRECATED_OBJC_IMPLEMENTATIONS = YES;
				CLANG_WARN_DIRECT_OBJC_ISA_USAGE = YES_ERROR;
				CLANG_WARN_DOCUMENTATION_COMMENTS = YES;
				CLANG_WARN_EMPTY_BODY = YES;
				CLANG_WARN_ENUM_CONVERSION = YES;
				CLANG_WARN_INFINITE_RECURSION = YES;
				CLANG_WARN_INT_CONVERSION = YES;
				CLANG_WARN_NON_LITERAL_NULL_CONVERSION = YES;
				CLANG_WARN_OBJC_IMPLICIT_RETAIN_SELF = YES;
				CLANG_WARN_OBJC_LITERAL_CONVERSION = YES;
				CLANG_WARN_OBJC_ROOT_CLASS = YES_ERROR;
				CLANG_WARN_RANGE_LOOP_ANALYSIS = YES;
				CLANG_WARN_STRICT_PROTOTYPES = YES;
				CLANG_WARN_SUSPICIOUS_MOVE = YES;
				CLANG_WARN_UNGUARDED_AVAILABILITY = YES_AGGRESSIVE;
				CLANG_WARN_UNREACHABLE_CODE = YES;
				CLANG_WARN__DUPLICATE_METHOD_MATCH = YES;
				CODE_SIGN_IDENTITY = "iPhone Developer";
				COPY_PHASE_STRIP = NO;
				DEBUG_INFORMATION_FORMAT = "dwarf-with-dsym";
				ENABLE_NS_ASSERTIONS = NO;
				ENABLE_STRICT_OBJC_MSGSEND = YES;
				GCC_C_LANGUAGE_STANDARD = gnu11;
				GCC_NO_COMMON_BLOCKS = YES;
				GCC_WARN_64_TO_32_BIT_CONVERSION = YES;
				GCC_WARN_ABOUT_RETURN_TYPE = YES_ERROR;
				GCC_WARN_UNDECLARED_SELECTOR = YES;
				GCC_WARN_UNINITIALIZED_AUTOS = YES_AGGRESSIVE;
				GCC_WARN_UNUSED_FUNCTION = YES;
				GCC_WARN_UNUSED_VARIABLE = YES;
				IPHONEOS_DEPLOYMENT_TARGET = 11.4;
				MTL_ENABLE_DEBUG_INFO = NO;
				SDKROOT = iphoneos;
				VALIDATE_PRODUCT = YES;
			};
			name = Release;
		};
		997B7D55F0DC603B215184B9 /* Debug */ = {
			isa = XCBuildConfiguration;
			baseConfigurationReference = E2AA5B1D4B356EF5ECAD09D3 /* Pods-JFKit-master.debug.xcconfig */;
			buildSettings = {
				ASSETCATALOG_COMPILER_APPICON_NAME = AppIcon;
				INFOPLIST_FILE = "JFKit-master/Info.plist";
				LD_RUNPATH_SEARCH_PATHS = "$(inherited) @executable_path/Frameworks";
				PRODUCT_BUNDLE_IDENTIFIER = "CRF.JFKit-master";
				PRODUCT_NAME = "$(TARGET_NAME)";
				TARGETED_DEVICE_FAMILY = "1,2";
				USER_HEADER_SEARCH_PATHS = "\"${PROJECT_DIR}/../Pods\"/** \"${PROJECT_DIR}/../Pods\"/** \"${PROJECT_DIR}/../Pods\"/** \"${PROJECT_DIR}/../Pods\"/** \"${PROJECT_DIR}/../Pods\"/**";
			};
			name = Debug;
		};
/* End XCBuildConfiguration section */

/* Begin XCConfigurationList section */
		997B75FBB9D439D4696FD9A0 /* Build configuration list for PBXNativeTarget "JFKit-master" */ = {
			isa = XCConfigurationList;
			buildConfigurations = (
				997B7D55F0DC603B215184B9 /* Debug */,
				997B75C68B9EF9C8AE6BD9FE /* Release */,
			);
			defaultConfigurationIsVisible = 0;
			defaultConfigurationName = Release;
		};
		997B7A52B497C4FB2BEA48F2 /* Build configuration list for PBXProject "JFKit-master" */ = {
			isa = XCConfigurationList;
			buildConfigurations = (
				997B712E609B4DB45C990A97 /* Debug */,
				997B78E0F89F63B9CFA3D832 /* Release */,
			);
			defaultConfigurationIsVisible = 0;
			defaultConfigurationName = Release;
		};
/* End XCConfigurationList section */
	};
	rootObject = 997B734FF17DB4D5DACA7993 /* Project object */;
}
